
Microsoft Visual Studio Solution File, Format Version 12.00
# Visual Studio Version 16
VisualStudioVersion = 16.0.31424.327
MinimumVisualStudioVersion = 10.0.40219.1
Project("{FAE04EC0-301F-11D3-BF4B-00C04F79EFBC}") = "test4BISO3", "test4BISO3.csproj", "{3753E762-DE1B-4093-BC2C-EA8EF7EDD19F}"
EndProject
Global
	GlobalSection(SolutionConfigurationPlatforms) = preSolution
		Debug|Any CPU = Debug|Any CPU
		Release|Any CPU = Release|Any CPU
	EndGlobalSection
	GlobalSection(ProjectConfigurationPlatforms) = postSolution
		{3753E762-DE1B-4093-BC2C-EA8EF7EDD19F}.Debug|Any CPU.ActiveCfg = Debug|Any CPU
		{3753E762-DE1B-4093-BC2C-EA8EF7EDD19F}.Debug|Any CPU.Build.0 = Debug|Any CPU
		{3753E762-DE1B-4093-BC2C-EA8EF7EDD19F}.Release|Any CPU.ActiveCfg = Release|Any CPU
		{3753E762-DE1B-4093-BC2C-EA8EF7EDD19F}.Release|Any CPU.Build.0 = Release|Any CPU
	EndGlobalSection
	GlobalSection(SolutionProperties) = preSolution
		HideSolutionNode = FALSE
	EndGlobalSection
	GlobalSection(ExtensibilityGlobals) = postSolution
		SolutionGuid = {954F2F46-F3B6-4602-915E-CCECA18E51C9}
	EndGlobalSection
EndGlobal
